
Microsoft Visual Studio Solution File, Format Version 12.00
# Visual Studio Version 17
VisualStudioVersion = 17.11.35312.102
MinimumVisualStudioVersion = 10.0.40219.1
Project("{8BC9CEB8-8B4A-11D0-8D11-00A0C91BC942}") = "KeyboardLayer.Core", "KeyboardLayer.Core\KeyboardLayer.Core.vcxproj", "{3B1413E0-4958-4AA1-A2B5-E3AB2295F048}"
EndProject
Global
	GlobalSection(SolutionConfigurationPlatforms) = preSolution
		Debug|x64 = Debug|x64
		Debug|x86 = Debug|x86
		Release|x64 = Release|x64
		Release|x86 = Release|x86
	EndGlobalSection
	GlobalSection(ProjectConfigurationPlatforms) = postSolution
		{3B1413E0-4958-4AA1-A2B5-E3AB2295F048}.Debug|x64.ActiveCfg = Debug|x64
		{3B1413E0-4958-4AA1-A2B5-E3AB2295F048}.Debug|x64.Build.0 = Debug|x64
		{3B1413E0-4958-4AA1-A2B5-E3AB2295F048}.Debug|x86.ActiveCfg = Debug|Win32
		{3B1413E0-4958-4AA1-A2B5-E3AB2295F048}.Debug|x86.Build.0 = Debug|Win32
		{3B1413E0-4958-4AA1-A2B5-E3AB2295F048}.Release|x64.ActiveCfg = Release|x64
		{3B1413E0-4958-4AA1-A2B5-E3AB2295F048}.Release|x64.Build.0 = Release|x64
		{3B1413E0-4958-4AA1-A2B5-E3AB2295F048}.Release|x86.ActiveCfg = Release|Win32
		{3B1413E0-4958-4AA1-A2B5-E3AB2295F048}.Release|x86.Build.0 = Release|Win32
	EndGlobalSection
	GlobalSection(SolutionProperties) = preSolution
		HideSolutionNode = FALSE
	EndGlobalSection
	GlobalSection(ExtensibilityGlobals) = postSolution
		SolutionGuid = {6FCB7ECE-1784-4FD4-9238-F60B1AACDFC7}
	EndGlobalSection
EndGlobal
