Microsoft Visual Studio Solution File, Format Version 12.00
# Visual Studio Version 17
VisualStudioVersion = 17.11.35312.102
MinimumVisualStudioVersion = 10.0.40219.1
Project("{2150E333-8FDC-42A3-9474-1A3956D46DE8}") = "UtilityHelpersLib [submodule]", "UtilityHelpersLib [submodule]", "{90EA6A19-8212-4DC4-8D3B-26087729E33D}"
EndProject
Project("{2150E333-8FDC-42A3-9474-1A3956D46DE8}") = "3rdParty", "3rdParty", "{7A0CA0F0-0BE7-4EBD-AB3F-F62F26E5B398}"
EndProject
Project("{2150E333-8FDC-42A3-9474-1A3956D46DE8}") = "3rdParty_Packages_Includes", "3rdParty_Packages_Includes", "{27032BEF-A111-4E76-8365-B362FB70CD39}"
EndProject
Project("{8BC9CEB8-8B4A-11D0-8D11-00A0C91BC942}") = "3rdParty.Packages", "UtilityHelpersLib\3rdParty\3rdParty_Packages_Includes\3rdParty.Packages\3rdParty.Packages.vcxproj", "{BD4FF601-0E36-4E0C-91B4-56FA4626A54D}"
EndProject
Project("{8BC9CEB8-8B4A-11D0-8D11-00A0C91BC942}") = "3rdParty.Packages.v143", "UtilityHelpersLib\3rdParty\3rdParty_Packages_Includes\3rdParty.Packages.v143\3rdParty.Packages.v143.vcxproj", "{78B6B4EA-7617-434F-8FF7-3FA8500557A7}"
EndProject
Project("{8BC9CEB8-8B4A-11D0-8D11-00A0C91BC942}") = "3rdParty.Includes", "UtilityHelpersLib\3rdParty\3rdParty_Packages_Includes\3rdParty.Includes\3rdParty.Includes.vcxitems", "{63BB29A8-E9C3-4070-9E45-900FA2F2DA8A}"
EndProject
Project("{8BC9CEB8-8B4A-11D0-8D11-00A0C91BC942}") = "Boost.Includes", "UtilityHelpersLib\3rdParty\3rdParty_Packages_Includes\Boost.Includes\Boost.Includes.vcxitems", "{8E6397BF-29AE-4D5A-A7E7-87F332256BDA}"
EndProject
Project("{2150E333-8FDC-42A3-9474-1A3956D46DE8}") = "JsonParser", "JsonParser", "{E1A87477-9E41-4151-99A3-3C202225C9C2}"
EndProject
Project("{8BC9CEB8-8B4A-11D0-8D11-00A0C91BC942}") = "JsonParser.Static", "UtilityHelpersLib\3rdParty\JsonParser\JsonParser.Static\JsonParser.Static.vcxproj", "{4DC532AD-A19B-4EC5-9923-990DF8F4A9AB}"
EndProject
Project("{8BC9CEB8-8B4A-11D0-8D11-00A0C91BC942}") = "JsonParser.Static.v143", "UtilityHelpersLib\3rdParty\JsonParser\JsonParser.Static.v143\JsonParser.Static.v143.vcxproj", "{55F6BADB-EE2B-4345-BC1F-8F0284ED209F}"
EndProject
Project("{8BC9CEB8-8B4A-11D0-8D11-00A0C91BC942}") = "JsonParser.Shared", "UtilityHelpersLib\3rdParty\JsonParser\JsonParser.Shared\JsonParser.Shared.vcxitems", "{05DACBA7-9F59-4442-A519-D32AA0373C0A}"
EndProject
Project("{2150E333-8FDC-42A3-9474-1A3956D46DE8}") = "MagicEnum", "MagicEnum", "{853963E9-3915-42D1-9F61-D25909CF0CFF}"
EndProject
Project("{8BC9CEB8-8B4A-11D0-8D11-00A0C91BC942}") = "MagicEnum.Shared", "UtilityHelpersLib\3rdParty\MagicEnum\MagicEnum.Shared\MagicEnum.Shared.vcxitems", "{9119A10A-D27C-4EAF-8EE9-1A3097D8C6F6}"
EndProject
Project("{2150E333-8FDC-42A3-9474-1A3956D46DE8}") = "Spdlog", "Spdlog", "{63FEF46C-0CC7-468E-9557-732EC7D823AC}"
EndProject
Project("{8BC9CEB8-8B4A-11D0-8D11-00A0C91BC942}") = "Spdlog.Static", "UtilityHelpersLib\3rdParty\Spdlog\Spdlog.Static\Spdlog.Static.vcxproj", "{4AB35171-9952-4A89-9589-8A63E8BE47E9}"
EndProject
Project("{8BC9CEB8-8B4A-11D0-8D11-00A0C91BC942}") = "Spdlog.Static.v143", "UtilityHelpersLib\3rdParty\Spdlog\Spdlog.Static.v143\Spdlog.Static.v143.vcxproj", "{604CE514-563F-4720-B752-70DB3F0BF669}"
EndProject
Project("{8BC9CEB8-8B4A-11D0-8D11-00A0C91BC942}") = "Spdlog.Shared", "UtilityHelpersLib\3rdParty\Spdlog\Spdlog.Shared\Spdlog.Shared.vcxitems", "{34A69FFA-7FAE-4DE7-BAC0-30B5730831E9}"
EndProject
Project("{2150E333-8FDC-42A3-9474-1A3956D46DE8}") = "Helpers", "Helpers", "{4A5644B4-23EF-48F7-8F3E-45A0EBE5C607}"
EndProject
Project("{8BC9CEB8-8B4A-11D0-8D11-00A0C91BC942}") = "ComAPI", "UtilityHelpersLib\Helpers\ComAPI\ComAPI.vcxproj", "{D2F14F8E-303B-4AE6-A98B-B789CD19981D}"
EndProject
Project("{8BC9CEB8-8B4A-11D0-8D11-00A0C91BC942}") = "Helpers.Raw", "UtilityHelpersLib\Helpers\Helpers.Raw\Helpers.Raw.vcxproj", "{298AB331-24AA-4F41-916E-2206023F8085}"
EndProject
Project("{8BC9CEB8-8B4A-11D0-8D11-00A0C91BC942}") = "ComAPI.Shared", "UtilityHelpersLib\Helpers\ComAPI.Shared\ComAPI.Shared.vcxitems", "{9AE2E2F4-5B16-4D19-9D1F-799A9E18CA69}"
EndProject
Project("{8BC9CEB8-8B4A-11D0-8D11-00A0C91BC942}") = "Helpers.Includes", "UtilityHelpersLib\Helpers\Helpers.Includes\Helpers.Includes.vcxitems", "{301BF8C8-F7CA-429F-8B12-DED615A64508}"
EndProject
Project("{8BC9CEB8-8B4A-11D0-8D11-00A0C91BC942}") = "Helpers.Shared", "UtilityHelpersLib\Helpers\Helpers.Shared\Helpers.Shared.vcxitems", "{A3451486-AB38-4360-B752-94680B491792}"
EndProject
Project("{8BC9CEB8-8B4A-11D0-8D11-00A0C91BC942}") = "KeyboardLayer.Core", "KeyboardLayer.Core\KeyboardLayer.Core.vcxproj", "{3B1413E0-4958-4AA1-A2B5-E3AB2295F048}"
EndProject
Project("{2150E333-8FDC-42A3-9474-1A3956D46DE8}") = "!Solution", "!Solution", "{03509BAF-2237-4147-910F-6A80286C17EE}"
	ProjectSection(SolutionItems) = preProject
		AutoPrMerge.bat = AutoPrMerge.bat
	EndProjectSection
EndProject
Global
	GlobalSection(SolutionConfigurationPlatforms) = preSolution
		Debug|x64 = Debug|x64
		Debug|x86 = Debug|x86
		Release|x64 = Release|x64
		Release|x86 = Release|x86
	EndGlobalSection
	GlobalSection(ProjectConfigurationPlatforms) = postSolution
		{BD4FF601-0E36-4E0C-91B4-56FA4626A54D}.Debug|x64.ActiveCfg = Debug|x64
		{BD4FF601-0E36-4E0C-91B4-56FA4626A54D}.Debug|x64.Build.0 = Debug|x64
		{BD4FF601-0E36-4E0C-91B4-56FA4626A54D}.Debug|x86.ActiveCfg = Debug|Win32
		{BD4FF601-0E36-4E0C-91B4-56FA4626A54D}.Debug|x86.Build.0 = Debug|Win32
		{BD4FF601-0E36-4E0C-91B4-56FA4626A54D}.Release|x64.ActiveCfg = Release|x64
		{BD4FF601-0E36-4E0C-91B4-56FA4626A54D}.Release|x64.Build.0 = Release|x64
		{BD4FF601-0E36-4E0C-91B4-56FA4626A54D}.Release|x86.ActiveCfg = Release|Win32
		{BD4FF601-0E36-4E0C-91B4-56FA4626A54D}.Release|x86.Build.0 = Release|Win32
		{78B6B4EA-7617-434F-8FF7-3FA8500557A7}.Debug|x64.ActiveCfg = Debug|x64
		{78B6B4EA-7617-434F-8FF7-3FA8500557A7}.Debug|x64.Build.0 = Debug|x64
		{78B6B4EA-7617-434F-8FF7-3FA8500557A7}.Debug|x86.ActiveCfg = Debug|Win32
		{78B6B4EA-7617-434F-8FF7-3FA8500557A7}.Debug|x86.Build.0 = Debug|Win32
		{78B6B4EA-7617-434F-8FF7-3FA8500557A7}.Release|x64.ActiveCfg = Release|x64
		{78B6B4EA-7617-434F-8FF7-3FA8500557A7}.Release|x64.Build.0 = Release|x64
		{78B6B4EA-7617-434F-8FF7-3FA8500557A7}.Release|x86.ActiveCfg = Release|Win32
		{78B6B4EA-7617-434F-8FF7-3FA8500557A7}.Release|x86.Build.0 = Release|Win32
		{4DC532AD-A19B-4EC5-9923-990DF8F4A9AB}.Debug|x64.ActiveCfg = Debug|x64
		{4DC532AD-A19B-4EC5-9923-990DF8F4A9AB}.Debug|x64.Build.0 = Debug|x64
		{4DC532AD-A19B-4EC5-9923-990DF8F4A9AB}.Debug|x86.ActiveCfg = Debug|Win32
		{4DC532AD-A19B-4EC5-9923-990DF8F4A9AB}.Debug|x86.Build.0 = Debug|Win32
		{4DC532AD-A19B-4EC5-9923-990DF8F4A9AB}.Release|x64.ActiveCfg = Release|x64
		{4DC532AD-A19B-4EC5-9923-990DF8F4A9AB}.Release|x64.Build.0 = Release|x64
		{4DC532AD-A19B-4EC5-9923-990DF8F4A9AB}.Release|x86.ActiveCfg = Release|Win32
		{4DC532AD-A19B-4EC5-9923-990DF8F4A9AB}.Release|x86.Build.0 = Release|Win32
		{55F6BADB-EE2B-4345-BC1F-8F0284ED209F}.Debug|x64.ActiveCfg = Debug|x64
		{55F6BADB-EE2B-4345-BC1F-8F0284ED209F}.Debug|x64.Build.0 = Debug|x64
		{55F6BADB-EE2B-4345-BC1F-8F0284ED209F}.Debug|x86.ActiveCfg = Debug|Win32
		{55F6BADB-EE2B-4345-BC1F-8F0284ED209F}.Debug|x86.Build.0 = Debug|Win32
		{55F6BADB-EE2B-4345-BC1F-8F0284ED209F}.Release|x64.ActiveCfg = Release|x64
		{55F6BADB-EE2B-4345-BC1F-8F0284ED209F}.Release|x64.Build.0 = Release|x64
		{55F6BADB-EE2B-4345-BC1F-8F0284ED209F}.Release|x86.ActiveCfg = Release|Win32
		{55F6BADB-EE2B-4345-BC1F-8F0284ED209F}.Release|x86.Build.0 = Release|Win32
		{4AB35171-9952-4A89-9589-8A63E8BE47E9}.Debug|x64.ActiveCfg = Debug|x64
		{4AB35171-9952-4A89-9589-8A63E8BE47E9}.Debug|x64.Build.0 = Debug|x64
		{4AB35171-9952-4A89-9589-8A63E8BE47E9}.Debug|x86.ActiveCfg = Debug|Win32
		{4AB35171-9952-4A89-9589-8A63E8BE47E9}.Debug|x86.Build.0 = Debug|Win32
		{4AB35171-9952-4A89-9589-8A63E8BE47E9}.Release|x64.ActiveCfg = Release|x64
		{4AB35171-9952-4A89-9589-8A63E8BE47E9}.Release|x64.Build.0 = Release|x64
		{4AB35171-9952-4A89-9589-8A63E8BE47E9}.Release|x86.ActiveCfg = Release|Win32
		{4AB35171-9952-4A89-9589-8A63E8BE47E9}.Release|x86.Build.0 = Release|Win32
		{604CE514-563F-4720-B752-70DB3F0BF669}.Debug|x64.ActiveCfg = Debug|x64
		{604CE514-563F-4720-B752-70DB3F0BF669}.Debug|x64.Build.0 = Debug|x64
		{604CE514-563F-4720-B752-70DB3F0BF669}.Debug|x86.ActiveCfg = Debug|Win32
		{604CE514-563F-4720-B752-70DB3F0BF669}.Debug|x86.Build.0 = Debug|Win32
		{604CE514-563F-4720-B752-70DB3F0BF669}.Release|x64.ActiveCfg = Release|x64
		{604CE514-563F-4720-B752-70DB3F0BF669}.Release|x64.Build.0 = Release|x64
		{604CE514-563F-4720-B752-70DB3F0BF669}.Release|x86.ActiveCfg = Release|Win32
		{604CE514-563F-4720-B752-70DB3F0BF669}.Release|x86.Build.0 = Release|Win32
		{D2F14F8E-303B-4AE6-A98B-B789CD19981D}.Debug|x64.ActiveCfg = Debug|x64
		{D2F14F8E-303B-4AE6-A98B-B789CD19981D}.Debug|x64.Build.0 = Debug|x64
		{D2F14F8E-303B-4AE6-A98B-B789CD19981D}.Debug|x86.ActiveCfg = Debug|Win32
		{D2F14F8E-303B-4AE6-A98B-B789CD19981D}.Debug|x86.Build.0 = Debug|Win32
		{D2F14F8E-303B-4AE6-A98B-B789CD19981D}.Release|x64.ActiveCfg = Release|x64
		{D2F14F8E-303B-4AE6-A98B-B789CD19981D}.Release|x64.Build.0 = Release|x64
		{D2F14F8E-303B-4AE6-A98B-B789CD19981D}.Release|x86.ActiveCfg = Release|Win32
		{D2F14F8E-303B-4AE6-A98B-B789CD19981D}.Release|x86.Build.0 = Release|Win32
		{298AB331-24AA-4F41-916E-2206023F8085}.Debug|x64.ActiveCfg = Debug|x64
		{298AB331-24AA-4F41-916E-2206023F8085}.Debug|x64.Build.0 = Debug|x64
		{298AB331-24AA-4F41-916E-2206023F8085}.Debug|x86.ActiveCfg = Debug|Win32
		{298AB331-24AA-4F41-916E-2206023F8085}.Debug|x86.Build.0 = Debug|Win32
		{298AB331-24AA-4F41-916E-2206023F8085}.Release|x64.ActiveCfg = Release|x64
		{298AB331-24AA-4F41-916E-2206023F8085}.Release|x64.Build.0 = Release|x64
		{298AB331-24AA-4F41-916E-2206023F8085}.Release|x86.ActiveCfg = Release|Win32
		{298AB331-24AA-4F41-916E-2206023F8085}.Release|x86.Build.0 = Release|Win32
		{3B1413E0-4958-4AA1-A2B5-E3AB2295F048}.Debug|x64.ActiveCfg = Debug|x64
		{3B1413E0-4958-4AA1-A2B5-E3AB2295F048}.Debug|x64.Build.0 = Debug|x64
		{3B1413E0-4958-4AA1-A2B5-E3AB2295F048}.Debug|x86.ActiveCfg = Debug|Win32
		{3B1413E0-4958-4AA1-A2B5-E3AB2295F048}.Debug|x86.Build.0 = Debug|Win32
		{3B1413E0-4958-4AA1-A2B5-E3AB2295F048}.Release|x64.ActiveCfg = Release|x64
		{3B1413E0-4958-4AA1-A2B5-E3AB2295F048}.Release|x64.Build.0 = Release|x64
		{3B1413E0-4958-4AA1-A2B5-E3AB2295F048}.Release|x86.ActiveCfg = Release|Win32
		{3B1413E0-4958-4AA1-A2B5-E3AB2295F048}.Release|x86.Build.0 = Release|Win32
	EndGlobalSection
	GlobalSection(SolutionProperties) = preSolution
		HideSolutionNode = FALSE
	EndGlobalSection
	GlobalSection(NestedProjects) = preSolution
		{7A0CA0F0-0BE7-4EBD-AB3F-F62F26E5B398} = {90EA6A19-8212-4DC4-8D3B-26087729E33D}
		{27032BEF-A111-4E76-8365-B362FB70CD39} = {7A0CA0F0-0BE7-4EBD-AB3F-F62F26E5B398}
		{BD4FF601-0E36-4E0C-91B4-56FA4626A54D} = {27032BEF-A111-4E76-8365-B362FB70CD39}
		{78B6B4EA-7617-434F-8FF7-3FA8500557A7} = {27032BEF-A111-4E76-8365-B362FB70CD39}
		{63BB29A8-E9C3-4070-9E45-900FA2F2DA8A} = {27032BEF-A111-4E76-8365-B362FB70CD39}
		{8E6397BF-29AE-4D5A-A7E7-87F332256BDA} = {27032BEF-A111-4E76-8365-B362FB70CD39}
		{E1A87477-9E41-4151-99A3-3C202225C9C2} = {7A0CA0F0-0BE7-4EBD-AB3F-F62F26E5B398}
		{4DC532AD-A19B-4EC5-9923-990DF8F4A9AB} = {E1A87477-9E41-4151-99A3-3C202225C9C2}
		{55F6BADB-EE2B-4345-BC1F-8F0284ED209F} = {E1A87477-9E41-4151-99A3-3C202225C9C2}
		{05DACBA7-9F59-4442-A519-D32AA0373C0A} = {E1A87477-9E41-4151-99A3-3C202225C9C2}
		{853963E9-3915-42D1-9F61-D25909CF0CFF} = {7A0CA0F0-0BE7-4EBD-AB3F-F62F26E5B398}
		{9119A10A-D27C-4EAF-8EE9-1A3097D8C6F6} = {853963E9-3915-42D1-9F61-D25909CF0CFF}
		{63FEF46C-0CC7-468E-9557-732EC7D823AC} = {7A0CA0F0-0BE7-4EBD-AB3F-F62F26E5B398}
		{4AB35171-9952-4A89-9589-8A63E8BE47E9} = {63FEF46C-0CC7-468E-9557-732EC7D823AC}
		{604CE514-563F-4720-B752-70DB3F0BF669} = {63FEF46C-0CC7-468E-9557-732EC7D823AC}
		{34A69FFA-7FAE-4DE7-BAC0-30B5730831E9} = {63FEF46C-0CC7-468E-9557-732EC7D823AC}
		{4A5644B4-23EF-48F7-8F3E-45A0EBE5C607} = {90EA6A19-8212-4DC4-8D3B-26087729E33D}
		{D2F14F8E-303B-4AE6-A98B-B789CD19981D} = {4A5644B4-23EF-48F7-8F3E-45A0EBE5C607}
		{298AB331-24AA-4F41-916E-2206023F8085} = {4A5644B4-23EF-48F7-8F3E-45A0EBE5C607}
		{9AE2E2F4-5B16-4D19-9D1F-799A9E18CA69} = {4A5644B4-23EF-48F7-8F3E-45A0EBE5C607}
		{301BF8C8-F7CA-429F-8B12-DED615A64508} = {4A5644B4-23EF-48F7-8F3E-45A0EBE5C607}
		{A3451486-AB38-4360-B752-94680B491792} = {4A5644B4-23EF-48F7-8F3E-45A0EBE5C607}
	EndGlobalSection
	GlobalSection(ExtensibilityGlobals) = postSolution
		SolutionGuid = {6FCB7ECE-1784-4FD4-9238-F60B1AACDFC7}
	EndGlobalSection
	GlobalSection(SharedMSBuildProjectFiles) = preSolution
		UtilityHelpersLib\3rdParty\JsonParser\JsonParser.Shared\JsonParser.Shared.vcxitems*{05dacba7-9f59-4442-a519-d32aa0373c0a}*SharedItemsImports = 9
		UtilityHelpersLib\3rdParty\3rdParty_Packages_Includes\Boost.Includes\Boost.Includes.vcxitems*{298ab331-24aa-4f41-916e-2206023f8085}*SharedItemsImports = 4
		UtilityHelpersLib\3rdParty\JsonParser\JsonParser.Shared\JsonParser.Shared.vcxitems*{298ab331-24aa-4f41-916e-2206023f8085}*SharedItemsImports = 4
		UtilityHelpersLib\3rdParty\MagicEnum\MagicEnum.Shared\MagicEnum.Shared.vcxitems*{298ab331-24aa-4f41-916e-2206023f8085}*SharedItemsImports = 4
		UtilityHelpersLib\3rdParty\Spdlog\Spdlog.Shared\Spdlog.Shared.vcxitems*{298ab331-24aa-4f41-916e-2206023f8085}*SharedItemsImports = 4
		UtilityHelpersLib\Helpers\ComAPI.Shared\ComAPI.Shared.vcxitems*{298ab331-24aa-4f41-916e-2206023f8085}*SharedItemsImports = 4
		UtilityHelpersLib\Helpers\Helpers.Shared\Helpers.Shared.vcxitems*{298ab331-24aa-4f41-916e-2206023f8085}*SharedItemsImports = 4
		UtilityHelpersLib\Helpers\Helpers.Includes\Helpers.Includes.vcxitems*{301bf8c8-f7ca-429f-8b12-ded615a64508}*SharedItemsImports = 9
		UtilityHelpersLib\3rdParty\Spdlog\Spdlog.Shared\Spdlog.Shared.vcxitems*{34a69ffa-7fae-4de7-bac0-30b5730831e9}*SharedItemsImports = 9
		UtilityHelpersLib\3rdParty\MagicEnum\MagicEnum.Shared\MagicEnum.Shared.vcxitems*{4ab35171-9952-4a89-9589-8a63e8be47e9}*SharedItemsImports = 4
		UtilityHelpersLib\3rdParty\Spdlog\Spdlog.Shared\Spdlog.Shared.vcxitems*{4ab35171-9952-4a89-9589-8a63e8be47e9}*SharedItemsImports = 4
		UtilityHelpersLib\Helpers\Helpers.Includes\Helpers.Includes.vcxitems*{4ab35171-9952-4a89-9589-8a63e8be47e9}*SharedItemsImports = 4
		UtilityHelpersLib\3rdParty\JsonParser\JsonParser.Shared\JsonParser.Shared.vcxitems*{4dc532ad-a19b-4ec5-9923-990df8f4a9ab}*SharedItemsImports = 4
		UtilityHelpersLib\Helpers\Helpers.Includes\Helpers.Includes.vcxitems*{4dc532ad-a19b-4ec5-9923-990df8f4a9ab}*SharedItemsImports = 4
		UtilityHelpersLib\3rdParty\JsonParser\JsonParser.Shared\JsonParser.Shared.vcxitems*{55f6badb-ee2b-4345-bc1f-8f0284ed209f}*SharedItemsImports = 4
		UtilityHelpersLib\3rdParty\MagicEnum\MagicEnum.Shared\MagicEnum.Shared.vcxitems*{604ce514-563f-4720-b752-70db3f0bf669}*SharedItemsImports = 4
		UtilityHelpersLib\3rdParty\Spdlog\Spdlog.Shared\Spdlog.Shared.vcxitems*{604ce514-563f-4720-b752-70db3f0bf669}*SharedItemsImports = 4
		UtilityHelpersLib\Helpers\Helpers.Includes\Helpers.Includes.vcxitems*{604ce514-563f-4720-b752-70db3f0bf669}*SharedItemsImports = 4
		UtilityHelpersLib\3rdParty\3rdParty_Packages_Includes\3rdParty.Includes\3rdParty.Includes.vcxitems*{63bb29a8-e9c3-4070-9e45-900fa2f2da8a}*SharedItemsImports = 9
		UtilityHelpersLib\3rdParty\3rdParty_Packages_Includes\Boost.Includes\Boost.Includes.vcxitems*{8e6397bf-29ae-4d5a-a7e7-87f332256bda}*SharedItemsImports = 9
		UtilityHelpersLib\3rdParty\MagicEnum\MagicEnum.Shared\MagicEnum.Shared.vcxitems*{9119a10a-d27c-4eaf-8ee9-1a3097d8c6f6}*SharedItemsImports = 9
		UtilityHelpersLib\Helpers\ComAPI.Shared\ComAPI.Shared.vcxitems*{9ae2e2f4-5b16-4d19-9d1f-799a9e18ca69}*SharedItemsImports = 9
		UtilityHelpersLib\Helpers\Helpers.Shared\Helpers.Shared.vcxitems*{a3451486-ab38-4360-b752-94680b491792}*SharedItemsImports = 9
		UtilityHelpersLib\Helpers\ComAPI.Shared\ComAPI.Shared.vcxitems*{d2f14f8e-303b-4ae6-a98b-b789cd19981d}*SharedItemsImports = 4
	EndGlobalSection
EndGlobal
