<?xml version="1.0" encoding="utf-8"?>
<Project ToolsVersion="4.0" xmlns="http://schemas.microsoft.com/developer/msbuild/2003">
  <ItemGroup>
    <Filter Include="Source Files">
      <UniqueIdentifier>{4FC737F1-C7A5-4376-A066-2A32D752A2FF}</UniqueIdentifier>
      <Extensions>cpp;c;cc;cxx;c++;cppm;ixx;def;odl;idl;hpj;bat;asm;asmx</Extensions>
    </Filter>
    <Filter Include="Source Files\Keyboard">
      <UniqueIdentifier>{944d04e1-b40e-4f74-a478-546604cebf0d}</UniqueIdentifier>
    </Filter>
    <Filter Include="Source Files\Keyboard\Core">
      <UniqueIdentifier>{21ad8eb6-888e-4927-86e6-7e266277f690}</UniqueIdentifier>
    </Filter>
    <Filter Include="Source Files\Keyboard\Platform">
      <UniqueIdentifier>{afaba13b-7365-4ad0-8bab-ad99bc69e7ef}</UniqueIdentifier>
    </Filter>
    <Filter Include="Source Files\Interception">
      <UniqueIdentifier>{68c84ca5-af3f-492a-b70a-424d8a2438f2}</UniqueIdentifier>
    </Filter>
  </ItemGroup>
  <ItemGroup>
    <ClInclude Include="Keyboard\Core\LogicalKey.h">
      <Filter>Source Files\Keyboard\Core</Filter>
    </ClInclude>
    <ClInclude Include="Keyboard\Core\LogicalKeyGroup.h">
      <Filter>Source Files\Keyboard\Core</Filter>
    </ClInclude>
    <ClInclude Include="Keyboard\Platform\ModifierState.h">
      <Filter>Source Files\Keyboard\Platform</Filter>
    </ClInclude>
    <ClInclude Include="KeyboardLayerEngine.h">
      <Filter>Source Files</Filter>
    </ClInclude>
    <ClInclude Include="Interception\DeviceInfo.h">
      <Filter>Source Files\Interception</Filter>
    </ClInclude>
    <ClInclude Include="Interception\IKeyBlocker.h">
      <Filter>Source Files\Interception</Filter>
    </ClInclude>
    <ClInclude Include="Interception\IKeyInjector.h">
      <Filter>Source Files\Interception</Filter>
    </ClInclude>
    <ClInclude Include="Interception\IKeyRemapper.h">
      <Filter>Source Files\Interception</Filter>
    </ClInclude>
    <ClInclude Include="Interception\InterceptionKeyCode.h">
      <Filter>Source Files\Interception</Filter>
    </ClInclude>
    <ClInclude Include="Interception\InterceptionKeyCodeMapper.h">
      <Filter>Source Files\Interception</Filter>
    </ClInclude>
    <ClInclude Include="Interception\SimpleKeyBlocker.h">
      <Filter>Source Files\Interception</Filter>
    </ClInclude>
    <ClInclude Include="Interception\SimpleKeyInjector.h">
      <Filter>Source Files\Interception</Filter>
    </ClInclude>
    <ClInclude Include="Interception\SimpleKeyRemapper.h">
      <Filter>Source Files\Interception</Filter>
    </ClInclude>
    <ClInclude Include="Keyboard\Core\IKeyCodeMapper.h">
      <Filter>Source Files\Keyboard\Core</Filter>
    </ClInclude>
    <ClInclude Include="Keyboard\Platform\WindowsKeyCodeMapper.h">
      <Filter>Source Files\Keyboard\Platform</Filter>
    </ClInclude>
    <ClInclude Include="Keyboard\Platform\WindowsKeyCode.h">
      <Filter>Source Files\Keyboard\Platform</Filter>
    </ClInclude>
  </ItemGroup>
  <ItemGroup>
    <ClCompile Include="Keyboard\Core\LogicalKeyGroup.cpp">
      <Filter>Source Files\Keyboard\Core</Filter>
    </ClCompile>
    <ClCompile Include="Keyboard\Platform\ModifierState.cpp">
      <Filter>Source Files\Keyboard\Platform</Filter>
    </ClCompile>
    <ClCompile Include="KeyboardLayerEngine.cpp">
      <Filter>Source Files</Filter>
    </ClCompile>
    <ClCompile Include="WinMain.cpp">
      <Filter>Source Files</Filter>
    </ClCompile>
    <ClCompile Include="Interception\InterceptionKeyCodeMapper.cpp">
      <Filter>Source Files\Interception</Filter>
    </ClCompile>
    <ClCompile Include="Interception\SimpleKeyBlocker.cpp">
      <Filter>Source Files\Interception</Filter>
    </ClCompile>
    <ClCompile Include="Interception\SimpleKeyInjector.cpp">
      <Filter>Source Files\Interception</Filter>
    </ClCompile>
    <ClCompile Include="Interception\SimpleKeyRemapper.cpp">
      <Filter>Source Files\Interception</Filter>
    </ClCompile>
    <ClCompile Include="Keyboard\Platform\WindowsKeyCodeMapper.cpp">
      <Filter>Source Files\Keyboard\Platform</Filter>
    </ClCompile>
  </ItemGroup>
</Project>